// !$*UTF8*$!
{
	archiveVersion = 1;
	classes = {
	};
	objectVersion = 56;
	objects = {

/* Begin PBXBuildFile section */
		1A0000001A0000000000001 /* fluidSolverApp.swift in Sources */ = {isa = PBXBuildFile; fileRef = 1A0000011A0000000000001 /* fluidSolverApp.swift */; };
		1A0000002A0000000000001 /* ContentView.swift in Sources */ = {isa = PBXBuildFile; fileRef = 1A0000012A0000000000001 /* ContentView.swift */; };
		1A0000003A0000000000001 /* MetalView.swift in Sources */ = {isa = PBXBuildFile; fileRef = 1A0000013A0000000000001 /* MetalView.swift */; };
		1A0000004A0000000000001 /* FluidSolver.swift in Sources */ = {isa = PBXBuildFile; fileRef = 1A0000014A0000000000001 /* FluidSolver.swift */; };
		1A0000005A0000000000001 /* ParticleSystem.swift in Sources */ = {isa = PBXBuildFile; fileRef = 1A0000015A0000000000001 /* ParticleSystem.swift */; };
		1A0000006A0000000000001 /* FluidShaders.metal in Sources */ = {isa = PBXBuildFile; fileRef = 1A0000016A0000000000001 /* FluidShaders.metal */; };
		1A0000007A0000000000001 /* Assets.xcassets in Resources */ = {isa = PBXBuildFile; fileRef = 1A0000017A0000000000001 /* Assets.xcassets */; };
		448BE8EF2E6C2CD00046723F /* FluidPresets.swift in Sources */ = {isa = PBXBuildFile; fileRef = 448BE8EE2E6C2CD00046723F /* FluidPresets.swift */; };
		448BE9F52E6C4B640046723F /* UserDefaultsExtension.swift in Sources */ = {isa = PBXBuildFile; fileRef = 448BE9F42E6C4B640046723F /* UserDefaultsExtension.swift */; };
		448BE9F72E6C4FE70046723F /* ColorPalette.swift in Sources */ = {isa = PBXBuildFile; fileRef = 448BE9F62E6C4FE70046723F /* ColorPalette.swift */; };
/* End PBXBuildFile section */

/* Begin PBXFileReference section */
		1A0000000A0000000000001 /* fluidSolver.app */ = {isa = PBXFileReference; explicitFileType = wrapper.application; includeInIndex = 0; path = fluidSolver.app; sourceTree = BUILT_PRODUCTS_DIR; };
		1A0000011A0000000000001 /* fluidSolverApp.swift */ = {isa = PBXFileReference; lastKnownFileType = sourcecode.swift; path = fluidSolverApp.swift; sourceTree = "<group>"; };
		1A0000012A0000000000001 /* ContentView.swift */ = {isa = PBXFileReference; lastKnownFileType = sourcecode.swift; path = ContentView.swift; sourceTree = "<group>"; };
		1A0000013A0000000000001 /* MetalView.swift */ = {isa = PBXFileReference; lastKnownFileType = sourcecode.swift; path = MetalView.swift; sourceTree = "<group>"; };
		1A0000014A0000000000001 /* FluidSolver.swift */ = {isa = PBXFileReference; lastKnownFileType = sourcecode.swift; path = FluidSolver.swift; sourceTree = "<group>"; };
		1A0000015A0000000000001 /* ParticleSystem.swift */ = {isa = PBXFileReference; lastKnownFileType = sourcecode.swift; path = ParticleSystem.swift; sourceTree = "<group>"; };
		1A0000016A0000000000001 /* FluidShaders.metal */ = {isa = PBXFileReference; lastKnownFileType = sourcecode.metal; path = FluidShaders.metal; sourceTree = "<group>"; };
		1A0000017A0000000000001 /* Assets.xcassets */ = {isa = PBXFileReference; lastKnownFileType = folder.assetcatalog; path = Assets.xcassets; sourceTree = "<group>"; };
		1A0000018A0000000000001 /* Info.plist */ = {isa = PBXFileReference; lastKnownFileType = text.plist.xml; path = Info.plist; sourceTree = "<group>"; };
		1A0000019A0000000000001 /* fluidSolver.entitlements */ = {isa = PBXFileReference; lastKnownFileType = text.plist.entitlements; path = fluidSolver.entitlements; sourceTree = "<group>"; };
		448BE8EE2E6C2CD00046723F /* FluidPresets.swift */ = {isa = PBXFileReference; lastKnownFileType = sourcecode.swift; path = FluidPresets.swift; sourceTree = "<group>"; };
		448BE9F42E6C4B640046723F /* UserDefaultsExtension.swift */ = {isa = PBXFileReference; lastKnownFileType = sourcecode.swift; path = UserDefaultsExtension.swift; sourceTree = "<group>"; };
		448BE9F62E6C4FE70046723F /* ColorPalette.swift */ = {isa = PBXFileReference; lastKnownFileType = sourcecode.swift; path = ColorPalette.swift; sourceTree = "<group>"; };
/* End PBXFileReference section */

/* Begin PBXFrameworksBuildPhase section */
		1A000000FA0000000000001 /* Frameworks */ = {
			isa = PBXFrameworksBuildPhase;
			buildActionMask = 2147483647;
			files = (
			);
			runOnlyForDeploymentPostprocessing = 0;
		};
/* End PBXFrameworksBuildPhase section */

/* Begin PBXGroup section */
		1A000000GA0000000000001 = {
			isa = PBXGroup;
			children = (
				1A000000HA0000000000001 /* fluidSolver */,
				1A000000PA0000000000001 /* Products */,
			);
			sourceTree = "<group>";
		};
		1A000000HA0000000000001 /* fluidSolver */ = {
			isa = PBXGroup;
			children = (
				1A0000011A0000000000001 /* fluidSolverApp.swift */,
				1A000001MA0000000000001 /* Views */,
				1A000001NA0000000000001 /* Models */,
				1A000001OA0000000000001 /* Shaders */,
				1A000001PA0000000000001 /* Resources */,
			);
			path = fluidSolver;
			sourceTree = "<group>";
		};
		1A000000PA0000000000001 /* Products */ = {
			isa = PBXGroup;
			children = (
				1A0000000A0000000000001 /* fluidSolver.app */,
			);
			name = Products;
			sourceTree = "<group>";
		};
		1A000001MA0000000000001 /* Views */ = {
			isa = PBXGroup;
			children = (
				1A0000012A0000000000001 /* ContentView.swift */,
				1A0000013A0000000000001 /* MetalView.swift */,
			);
			path = Views;
			sourceTree = "<group>";
		};
		1A000001NA0000000000001 /* Models */ = {
			isa = PBXGroup;
			children = (
				448BE9F62E6C4FE70046723F /* ColorPalette.swift */,
				1A0000014A0000000000001 /* FluidSolver.swift */,
				1A0000015A0000000000001 /* ParticleSystem.swift */,
				448BE8EE2E6C2CD00046723F /* FluidPresets.swift */,
				448BE9F42E6C4B640046723F /* UserDefaultsExtension.swift */,
			);
			path = Models;
			sourceTree = "<group>";
		};
		1A000001OA0000000000001 /* Shaders */ = {
			isa = PBXGroup;
			children = (
				1A0000016A0000000000001 /* FluidShaders.metal */,
			);
			path = Shaders;
			sourceTree = "<group>";
		};
		1A000001PA0000000000001 /* Resources */ = {
			isa = PBXGroup;
			children = (
				1A0000017A0000000000001 /* Assets.xcassets */,
				1A0000018A0000000000001 /* Info.plist */,
				1A0000019A0000000000001 /* fluidSolver.entitlements */,
			);
			path = Resources;
			sourceTree = "<group>";
		};
/* End PBXGroup section */

/* Begin PBXNativeTarget section */
		1A000000TA0000000000001 /* fluidSolver */ = {
			isa = PBXNativeTarget;
			buildConfigurationList = 1A000001BA0000000000001 /* Build configuration list for PBXNativeTarget "fluidSolver" */;
			buildPhases = (
				1A000000SA0000000000001 /* Sources */,
				1A000000FA0000000000001 /* Frameworks */,
				1A000000RA0000000000001 /* Resources */,
			);
			buildRules = (
			);
			dependencies = (
			);
			name = fluidSolver;
			productName = fluidSolver;
			productReference = 1A0000000A0000000000001 /* fluidSolver.app */;
			productType = "com.apple.product-type.application";
		};
/* End PBXNativeTarget section */

/* Begin PBXProject section */
		1A000000GA0000000000002 /* Project object */ = {
			isa = PBXProject;
			attributes = {
				BuildIndependentTargetsInParallel = 1;
				LastSwiftUpdateCheck = 1500;
				LastUpgradeCheck = 1640;
				TargetAttributes = {
					1A000000TA0000000000001 = {
						CreatedOnToolsVersion = 15.0;
					};
				};
			};
			buildConfigurationList = 1A000001BA0000000000002 /* Build configuration list for PBXProject "fluidSolver" */;
			compatibilityVersion = "Xcode 14.0";
			developmentRegion = en;
			hasScannedForEncodings = 0;
			knownRegions = (
				en,
				Base,
			);
			mainGroup = 1A000000GA0000000000001;
			productRefGroup = 1A000000PA0000000000001 /* Products */;
			projectDirPath = "";
			projectRoot = "";
			targets = (
				1A000000TA0000000000001 /* fluidSolver */,
			);
		};
/* End PBXProject section */

/* Begin PBXResourcesBuildPhase section */
		1A000000RA0000000000001 /* Resources */ = {
			isa = PBXResourcesBuildPhase;
			buildActionMask = 2147483647;
			files = (
				1A0000007A0000000000001 /* Assets.xcassets in Resources */,
			);
			runOnlyForDeploymentPostprocessing = 0;
		};
/* End PBXResourcesBuildPhase section */

/* Begin PBXSourcesBuildPhase section */
		1A000000SA0000000000001 /* Sources */ = {
			isa = PBXSourcesBuildPhase;
			buildActionMask = 2147483647;
			files = (
				1A0000001A0000000000001 /* fluidSolverApp.swift in Sources */,
				448BE8EF2E6C2CD00046723F /* FluidPresets.swift in Sources */,
				448BE9F72E6C4FE70046723F /* ColorPalette.swift in Sources */,
				448BE9F52E6C4B640046723F /* UserDefaultsExtension.swift in Sources */,
				1A0000002A0000000000001 /* ContentView.swift in Sources */,
				1A0000003A0000000000001 /* MetalView.swift in Sources */,
				1A0000004A0000000000001 /* FluidSolver.swift in Sources */,
				1A0000005A0000000000001 /* ParticleSystem.swift in Sources */,
				1A0000006A0000000000001 /* FluidShaders.metal in Sources */,
			);
			runOnlyForDeploymentPostprocessing = 0;
		};
/* End PBXSourcesBuildPhase section */

/* Begin XCBuildConfiguration section */
		1A000001CA0000000000001 /* Debug */ = {
			isa = XCBuildConfiguration;
			buildSettings = {
				ALWAYS_SEARCH_USER_PATHS = NO;
				ASSETCATALOG_COMPILER_GENERATE_SWIFT_ASSET_SYMBOL_EXTENSIONS = YES;
				CLANG_ANALYZER_NONNULL = YES;
				CLANG_ANALYZER_NUMBER_OBJECT_CONVERSION = YES_AGGRESSIVE;
				CLANG_CXX_LANGUAGE_STANDARD = "gnu++20";
				CLANG_ENABLE_MODULES = YES;
				CLANG_ENABLE_OBJC_ARC = YES;
				CLANG_ENABLE_OBJC_WEAK = YES;
				CLANG_WARN_BLOCK_CAPTURE_AUTORELEASING = YES;
				CLANG_WARN_BOOL_CONVERSION = YES;
				CLANG_WARN_COMMA = YES;
				CLANG_WARN_CONSTANT_CONVERSION = YES;
				CLANG_WARN_DEPRECATED_OBJC_IMPLEMENTATIONS = YES;
				CLANG_WARN_DIRECT_OBJC_ISA_USAGE = YES_ERROR;
				CLANG_WARN_DOCUMENTATION_COMMENTS = YES;
				CLANG_WARN_EMPTY_BODY = YES;
				CLANG_WARN_ENUM_CONVERSION = YES;
				CLANG_WARN_INFINITE_RECURSION = YES;
				CLANG_WARN_INT_CONVERSION = YES;
				CLANG_WARN_NON_LITERAL_NULL_CONVERSION = YES;
				CLANG_WARN_OBJC_IMPLICIT_RETAIN_SELF = YES;
				CLANG_WARN_OBJC_LITERAL_CONVERSION = YES;
				CLANG_WARN_OBJC_ROOT_CLASS = YES_ERROR;
				CLANG_WARN_QUOTED_INCLUDE_IN_FRAMEWORK_HEADER = YES;
				CLANG_WARN_RANGE_LOOP_ANALYSIS = YES;
				CLANG_WARN_STRICT_PROTOTYPES = YES;
				CLANG_WARN_SUSPICIOUS_MOVE = YES;
				CLANG_WARN_UNGUARDED_AVAILABILITY = YES_AGGRESSIVE;
				CLANG_WARN_UNREACHABLE_CODE = YES;
				CLANG_WARN__DUPLICATE_METHOD_MATCH = YES;
				COPY_PHASE_STRIP = NO;
				DEAD_CODE_STRIPPING = YES;
				DEBUG_INFORMATION_FORMAT = dwarf;
				DEVELOPMENT_TEAM = HK6R36PLNR;
				ENABLE_STRICT_OBJC_MSGSEND = YES;
				ENABLE_TESTABILITY = YES;
				ENABLE_USER_SCRIPT_SANDBOXING = YES;
				GCC_C_LANGUAGE_STANDARD = gnu17;
				GCC_DYNAMIC_NO_PIC = NO;
				GCC_NO_COMMON_BLOCKS = YES;
				GCC_OPTIMIZATION_LEVEL = 0;
				GCC_PREPROCESSOR_DEFINITIONS = (
					"DEBUG=1",
					"$(inherited)",
				);
				GCC_WARN_64_TO_32_BIT_CONVERSION = YES;
				GCC_WARN_ABOUT_RETURN_TYPE = YES_ERROR;
				GCC_WARN_UNDECLARED_SELECTOR = YES;
				GCC_WARN_UNINITIALIZED_AUTOS = YES_AGGRESSIVE;
				GCC_WARN_UNUSED_FUNCTION = YES;
				GCC_WARN_UNUSED_VARIABLE = YES;
				LOCALIZATION_PREFERS_STRING_CATALOGS = YES;
				MTL_ENABLE_DEBUG_INFO = INCLUDE_SOURCE;
				MTL_FAST_MATH = YES;
				ONLY_ACTIVE_ARCH = YES;
				SWIFT_ACTIVE_COMPILATION_CONDITIONS = "DEBUG $(inherited)";
				SWIFT_OPTIMIZATION_LEVEL = "-Onone";
			};
			name = Debug;
		};
		1A000001DA0000000000001 /* Release */ = {
			isa = XCBuildConfiguration;
			buildSettings = {
				ALWAYS_SEARCH_USER_PATHS = NO;
				ASSETCATALOG_COMPILER_GENERATE_SWIFT_ASSET_SYMBOL_EXTENSIONS = YES;
				CLANG_ANALYZER_NONNULL = YES;
				CLANG_ANALYZER_NUMBER_OBJECT_CONVERSION = YES_AGGRESSIVE;
				CLANG_CXX_LANGUAGE_STANDARD = "gnu++20";
				CLANG_ENABLE_MODULES = YES;
				CLANG_ENABLE_OBJC_ARC = YES;
				CLANG_ENABLE_OBJC_WEAK = YES;
				CLANG_WARN_BLOCK_CAPTURE_AUTORELEASING = YES;
				CLANG_WARN_BOOL_CONVERSION = YES;
				CLANG_WARN_COMMA = YES;
				CLANG_WARN_CONSTANT_CONVERSION = YES;
				CLANG_WARN_DEPRECATED_OBJC_IMPLEMENTATIONS = YES;
				CLANG_WARN_DIRECT_OBJC_ISA_USAGE = YES_ERROR;
				CLANG_WARN_DOCUMENTATION_COMMENTS = YES;
				CLANG_WARN_EMPTY_BODY = YES;
				CLANG_WARN_ENUM_CONVERSION = YES;
				CLANG_WARN_INFINITE_RECURSION = YES;
				CLANG_WARN_INT_CONVERSION = YES;
				CLANG_WARN_NON_LITERAL_NULL_CONVERSION = YES;
				CLANG_WARN_OBJC_IMPLICIT_RETAIN_SELF = YES;
				CLANG_WARN_OBJC_LITERAL_CONVERSION = YES;
				CLANG_WARN_OBJC_ROOT_CLASS = YES_ERROR;
				CLANG_WARN_QUOTED_INCLUDE_IN_FRAMEWORK_HEADER = YES;
				CLANG_WARN_RANGE_LOOP_ANALYSIS = YES;
				CLANG_WARN_STRICT_PROTOTYPES = YES;
				CLANG_WARN_SUSPICIOUS_MOVE = YES;
				CLANG_WARN_UNGUARDED_AVAILABILITY = YES_AGGRESSIVE;
				CLANG_WARN_UNREACHABLE_CODE = YES;
				CLANG_WARN__DUPLICATE_METHOD_MATCH = YES;
				COPY_PHASE_STRIP = NO;
				DEAD_CODE_STRIPPING = YES;
				DEBUG_INFORMATION_FORMAT = "dwarf-with-dsym";
				DEVELOPMENT_TEAM = HK6R36PLNR;
				ENABLE_NS_ASSERTIONS = NO;
				ENABLE_STRICT_OBJC_MSGSEND = YES;
				ENABLE_USER_SCRIPT_SANDBOXING = YES;
				GCC_C_LANGUAGE_STANDARD = gnu17;
				GCC_NO_COMMON_BLOCKS = YES;
				GCC_WARN_64_TO_32_BIT_CONVERSION = YES;
				GCC_WARN_ABOUT_RETURN_TYPE = YES_ERROR;
				GCC_WARN_UNDECLARED_SELECTOR = YES;
				GCC_WARN_UNINITIALIZED_AUTOS = YES_AGGRESSIVE;
				GCC_WARN_UNUSED_FUNCTION = YES;
				GCC_WARN_UNUSED_VARIABLE = YES;
				LOCALIZATION_PREFERS_STRING_CATALOGS = YES;
				MTL_ENABLE_DEBUG_INFO = NO;
				MTL_FAST_MATH = YES;
				SWIFT_COMPILATION_MODE = wholemodule;
			};
			name = Release;
		};
		1A000001EA0000000000001 /* Debug */ = {
			isa = XCBuildConfiguration;
			buildSettings = {
				ASSETCATALOG_COMPILER_APPICON_NAME = AppIcon;
				ASSETCATALOG_COMPILER_GLOBAL_ACCENT_COLOR_NAME = AccentColor;
				CODE_SIGN_ENTITLEMENTS = fluidSolver/Resources/fluidSolver.entitlements;
				CODE_SIGN_STYLE = Automatic;
				CURRENT_PROJECT_VERSION = 1;
				DEAD_CODE_STRIPPING = YES;
				DEVELOPMENT_ASSET_PATHS = "";
				ENABLE_PREVIEWS = YES;
				GENERATE_INFOPLIST_FILE = YES;
				INFOPLIST_FILE = fluidSolver/Resources/Info.plist;
				INFOPLIST_KEY_CFBundleDisplayName = "Fluid Solver";
				INFOPLIST_KEY_UIApplicationSupportsIndirectInputEvents = YES;
				INFOPLIST_KEY_UIRequiredDeviceCapabilities = "armv7 metal";
				INFOPLIST_KEY_UISupportedInterfaceOrientations = "UIInterfaceOrientationPortrait UIInterfaceOrientationLandscapeLeft UIInterfaceOrientationLandscapeRight UIInterfaceOrientationPortraitUpsideDown";
				INFOPLIST_KEY_UISupportedInterfaceOrientations_iPad = "UIInterfaceOrientationPortrait UIInterfaceOrientationPortraitUpsideDown UIInterfaceOrientationLandscapeLeft UIInterfaceOrientationLandscapeRight";
				INFOPLIST_KEY_UISupportedInterfaceOrientations_iPhone = "UIInterfaceOrientationPortrait UIInterfaceOrientationLandscapeLeft UIInterfaceOrientationLandscapeRight";
				IPHONEOS_DEPLOYMENT_TARGET = 16.0;
				LD_RUNPATH_SEARCH_PATHS = (
					"$(inherited)",
					"@executable_path/Frameworks",
				);
				MACOSX_DEPLOYMENT_TARGET = 13.0;
				MARKETING_VERSION = 1.0;
				PRODUCT_BUNDLE_IDENTIFIER = "com.cornelius-bell.fluidSolver.app";
				PRODUCT_NAME = "$(TARGET_NAME)";
				SDKROOT = auto;
				SUPPORTED_PLATFORMS = "iphoneos iphonesimulator macosx";
				SWIFT_EMIT_LOC_STRINGS = YES;
				SWIFT_VERSION = 5.0;
				TARGETED_DEVICE_FAMILY = "1,2";
			};
			name = Debug;
		};
		1A000001FA0000000000001 /* Release */ = {
			isa = XCBuildConfiguration;
			buildSettings = {
				ASSETCATALOG_COMPILER_APPICON_NAME = AppIcon;
				ASSETCATALOG_COMPILER_GLOBAL_ACCENT_COLOR_NAME = AccentColor;
				CODE_SIGN_ENTITLEMENTS = fluidSolver/Resources/fluidSolver.entitlements;
				CODE_SIGN_STYLE = Automatic;
				CURRENT_PROJECT_VERSION = 1;
				DEAD_CODE_STRIPPING = YES;
				DEVELOPMENT_ASSET_PATHS = "";
				ENABLE_PREVIEWS = YES;
				GENERATE_INFOPLIST_FILE = YES;
				INFOPLIST_FILE = fluidSolver/Resources/Info.plist;
				INFOPLIST_KEY_CFBundleDisplayName = "Fluid Solver";
				INFOPLIST_KEY_UIApplicationSupportsIndirectInputEvents = YES;
				INFOPLIST_KEY_UIRequiredDeviceCapabilities = "armv7 metal";
				INFOPLIST_KEY_UISupportedInterfaceOrientations = "UIInterfaceOrientationPortrait UIInterfaceOrientationLandscapeLeft UIInterfaceOrientationLandscapeRight UIInterfaceOrientationPortraitUpsideDown";
				INFOPLIST_KEY_UISupportedInterfaceOrientations_iPad = "UIInterfaceOrientationPortrait UIInterfaceOrientationPortraitUpsideDown UIInterfaceOrientationLandscapeLeft UIInterfaceOrientationLandscapeRight";
				INFOPLIST_KEY_UISupportedInterfaceOrientations_iPhone = "UIInterfaceOrientationPortrait UIInterfaceOrientationLandscapeLeft UIInterfaceOrientationLandscapeRight";
				IPHONEOS_DEPLOYMENT_TARGET = 16.0;
				LD_RUNPATH_SEARCH_PATHS = (
					"$(inherited)",
					"@executable_path/Frameworks",
				);
				MACOSX_DEPLOYMENT_TARGET = 13.0;
				MARKETING_VERSION = 1.0;
				PRODUCT_BUNDLE_IDENTIFIER = "com.cornelius-bell.fluidSolver.app";
				PRODUCT_NAME = "$(TARGET_NAME)";
				SDKROOT = auto;
				SUPPORTED_PLATFORMS = "iphoneos iphonesimulator macosx";
				SWIFT_EMIT_LOC_STRINGS = YES;
				SWIFT_VERSION = 5.0;
				TARGETED_DEVICE_FAMILY = "1,2";
			};
			name = Release;
		};
/* End XCBuildConfiguration section */

/* Begin XCConfigurationList section */
		1A000001BA0000000000001 /* Build configuration list for PBXNativeTarget "fluidSolver" */ = {
			isa = XCConfigurationList;
			buildConfigurations = (
				1A000001EA0000000000001 /* Debug */,
				1A000001FA0000000000001 /* Release */,
			);
			defaultConfigurationIsVisible = 0;
			defaultConfigurationName = Release;
		};
		1A000001BA0000000000002 /* Build configuration list for PBXProject "fluidSolver" */ = {
			isa = XCConfigurationList;
			buildConfigurations = (
				1A000001CA0000000000001 /* Debug */,
				1A000001DA0000000000001 /* Release */,
			);
			defaultConfigurationIsVisible = 0;
			defaultConfigurationName = Release;
		};
/* End XCConfigurationList section */
	};
	rootObject = 1A000000GA0000000000002 /* Project object */;
}
